lockfileVersion: 5.4

specifiers:
  '@bufbuild/protobuf': ^0.2.1
  '@bufbuild/protoc-gen-es': ^0.2.1

dependencies:
  '@bufbuild/protobuf': 0.2.1

devDependencies:
  '@bufbuild/protoc-gen-es': 0.2.1_@bufbuild+protobuf@0.2.1

packages:

  /@bufbuild/protobuf/0.2.1:
    resolution: {integrity: sha512-7bsong0tlLQvkdq5K1U6qFFn35oggCwxaiOs1LHGsqkP/E1FvW4JmRHkxkjlyMNd01S5GbqCrnyHD5VW6l3Djg==}

  /@bufbuild/protoc-gen-es/0.2.1_@bufbuild+protobuf@0.2.1:
    resolution: {integrity: sha512-8rfFyKjhuaXOm1mjkIPK8dWzzqAUFOZsFlWCbEXMccc4UWFsVkt/zbw+hHsKI4SUIf4eTzuY074/KMEwVImWMA==}
    engines: {node: '>=14'}
    hasBin: true
    peerDependencies:
      '@bufbuild/protobuf': 0.2.1
    peerDependenciesMeta:
      '@bufbuild/protobuf':
        optional: true
    dependencies:
      '@bufbuild/protobuf': 0.2.1
      '@bufbuild/protoplugin': 0.2.1
    transitivePeerDependencies:
      - supports-color
    dev: true

  /@bufbuild/protoplugin/0.2.1:
    resolution: {integrity: sha512-R26FyR5KtU5V5osf8xGraS0/3QdhB8aVnWt990zURFWTFsy7MerHM7dc+oL7H5XT/iD38zur44Cpvp9LeXb5Pg==}
    dependencies:
      '@bufbuild/protobuf': 0.2.1
      '@typescript/vfs': 1.4.0
      typescript: 4.5.2
    transitivePeerDependencies:
      - supports-color
    dev: true

  /@typescript/vfs/1.4.0:
    resolution: {integrity: sha512-Pood7yv5YWMIX+yCHo176OnF8WUlKGImFG7XlsuH14Zb1YN5+dYD3uUtS7lqZtsH7tAveNUi2NzdpQCN0yRbaw==}
    dependencies:
      debug: 4.3.4
    transitivePeerDependencies:
      - supports-color
    dev: true

  /debug/4.3.4:
    resolution: {integrity: sha512-PRWFHuSU3eDtQJPvnNY7Jcket1j0t5OuOsFzPPzsekD52Zl8qUfFIPEiswXqIvHWGVHOgX+7G/vCNNhehwxfkQ==}
    engines: {node: '>=6.0'}
    peerDependencies:
      supports-color: '*'
    peerDependenciesMeta:
      supports-color:
        optional: true
    dependencies:
      ms: 2.1.2
    dev: true

  /ms/2.1.2:
    resolution: {integrity: sha512-sGkPx+VjMtmA6MX27oA4FBFELFCZZ4S4XqeGOXCv68tT+jb3vk/RyaKWP0PTKyWtmLSM0b+adUTEvbs1PEaH2w==}
    dev: true

  /typescript/4.5.2:
    resolution: {integrity: sha512-5BlMof9H1yGt0P8/WF+wPNw6GfctgGjXp5hkblpyT+8rkASSmkUKMXrxR0Xg8ThVCi/JnHQiKXeBaEwCeQwMFw==}
    engines: {node: '>=4.2.0'}
    hasBin: true
    dev: true
